# THIS IS AN AUTOGENERATED FILE. DO NOT EDIT THIS FILE DIRECTLY.
# yarn lockfile v1


anymatch@~3.1.2:
  version "3.1.2"
  resolved "https://registry.yarnpkg.com/anymatch/-/anymatch-3.1.2.tgz#c0557c096af32f106198f4f4e2a383537e378716"
  integrity sha512-P43ePfOAIupkguHUycrc4qJ9kz8ZiuOUijaETwX7THt0Y/GNK7v0aa8rY816xWjZ7rJdA5XdMcpVFTKMq+RvWg==
  dependencies:
    normalize-path "^3.0.0"
    picomatch "^2.0.4"

binary-extensions@^2.0.0:
  version "2.2.0"
  resolved "https://registry.yarnpkg.com/binary-extensions/-/binary-extensions-2.2.0.tgz#75f502eeaf9ffde42fc98829645be4ea76bd9e2d"
  integrity sha512-jDctJ/IVQbZoJykoeHbhXpOlNBqGNcwXJKJog42E5HDPUwQTSdjCHdihjj0DlnheQ7blbT6dHOafNAiS8ooQKA==

braces@~3.0.2:
  version "3.0.2"
  resolved "https://registry.yarnpkg.com/braces/-/braces-3.0.2.tgz#3454e1a462ee8d599e236df336cd9ea4f8afe107"
  integrity sha512-b8um+L1RzM3WDSzvhm6gIz1yfTbBt6YTlcEKAvsmqCZZFw46z626lVj9j1yEPW33H5H+lBQpZMP1k8l+78Ha0A==
  dependencies:
    fill-range "^7.0.1"

"chokidar@>=3.0.0 <4.0.0":
  version "3.5.3"
  resolved "https://registry.yarnpkg.com/chokidar/-/chokidar-3.5.3.tgz#1cf37c8707b932bd1af1ae22c0432e2acd1903bd"
  integrity sha512-Dr3sfKRP6oTcjf2JmUmFJfeVMvXBdegxB0iVQ5eb2V10uFJUCAS8OByZdVAyVb8xXNz3GjjTgj9kLWsZTqE6kw==
  dependencies:
    anymatch "~3.1.2"
    braces "~3.0.2"
    glob-parent "~5.1.2"
    is-binary-path "~2.1.0"
    is-glob "~4.0.1"
    normalize-path "~3.0.0"
    readdirp "~3.6.0"
  optionalDependencies:
    fsevents "~2.3.2"

esbuild-android-arm64@0.14.22:
  version "0.14.22"
  resolved "https://registry.yarnpkg.com/esbuild-android-arm64/-/esbuild-android-arm64-0.14.22.tgz#fb051169a63307d958aec85ad596cfc7d7770303"
  integrity sha512-k1Uu4uC4UOFgrnTj2zuj75EswFSEBK+H6lT70/DdS4mTAOfs2ECv2I9ZYvr3w0WL0T4YItzJdK7fPNxcPw6YmQ==

esbuild-darwin-64@0.14.22:
  version "0.14.22"
  resolved "https://registry.yarnpkg.com/esbuild-darwin-64/-/esbuild-darwin-64-0.14.22.tgz#615ea0a9de67b57a293a7128d7ac83ee307a856d"
  integrity sha512-d8Ceuo6Vw6HM3fW218FB6jTY6O3r2WNcTAU0SGsBkXZ3k8SDoRLd3Nrc//EqzdgYnzDNMNtrWegK2Qsss4THhw==

esbuild-darwin-arm64@0.14.22:
  version "0.14.22"
  resolved "https://registry.yarnpkg.com/esbuild-darwin-arm64/-/esbuild-darwin-arm64-0.14.22.tgz#82054dcfcecb15ccfd237093b8008e7745a99ad9"
  integrity sha512-YAt9Tj3SkIUkswuzHxkaNlT9+sg0xvzDvE75LlBo4DI++ogSgSmKNR6B4eUhU5EUUepVXcXdRIdqMq9ppeRqfw==

esbuild-freebsd-64@0.14.22:
  version "0.14.22"
  resolved "https://registry.yarnpkg.com/esbuild-freebsd-64/-/esbuild-freebsd-64-0.14.22.tgz#778a818c5b078d5cdd6bb6c0e0797217d196999b"
  integrity sha512-ek1HUv7fkXMy87Qm2G4IRohN+Qux4IcnrDBPZGXNN33KAL0pEJJzdTv0hB/42+DCYWylSrSKxk3KUXfqXOoH4A==

esbuild-freebsd-arm64@0.14.22:
  version "0.14.22"
  resolved "https://registry.yarnpkg.com/esbuild-freebsd-arm64/-/esbuild-freebsd-arm64-0.14.22.tgz#18da93b9f3db2e036f72383bfe73b28b73bb332c"
  integrity sha512-zPh9SzjRvr9FwsouNYTqgqFlsMIW07O8mNXulGeQx6O5ApgGUBZBgtzSlBQXkHi18WjrosYfsvp5nzOKiWzkjQ==

esbuild-linux-32@0.14.22:
  version "0.14.22"
  resolved "https://registry.yarnpkg.com/esbuild-linux-32/-/esbuild-linux-32-0.14.22.tgz#d0d5d9f5bb3536e17ac097e9512019c65b7c0234"
  integrity sha512-SnpveoE4nzjb9t2hqCIzzTWBM0RzcCINDMBB67H6OXIuDa4KqFqaIgmTchNA9pJKOVLVIKd5FYxNiJStli21qg==

esbuild-linux-64@0.14.22:
  version "0.14.22"
  resolved "https://registry.yarnpkg.com/esbuild-linux-64/-/esbuild-linux-64-0.14.22.tgz#2773d540971999ea7f38107ef92fca753f6a8c30"
  integrity sha512-Zcl9Wg7gKhOWWNqAjygyqzB+fJa19glgl2JG7GtuxHyL1uEnWlpSMytTLMqtfbmRykIHdab797IOZeKwk5g0zg==

esbuild-linux-arm64@0.14.22:
  version "0.14.22"
  resolved "https://registry.yarnpkg.com/esbuild-linux-arm64/-/esbuild-linux-arm64-0.14.22.tgz#5d4480ce6d6bffab1dd76a23158f5a5ab33e7ba4"
  integrity sha512-8q/FRBJtV5IHnQChO3LHh/Jf7KLrxJ/RCTGdBvlVZhBde+dk3/qS9fFsUy+rs3dEi49aAsyVitTwlKw1SUFm+A==

esbuild-linux-arm@0.14.22:
  version "0.14.22"
  resolved "https://registry.yarnpkg.com/esbuild-linux-arm/-/esbuild-linux-arm-0.14.22.tgz#c6391b3f7c8fa6d3b99a7e893ce0f45f3a921eef"
  integrity sha512-soPDdbpt/C0XvOOK45p4EFt8HbH5g+0uHs5nUKjHVExfgR7du734kEkXR/mE5zmjrlymk5AA79I0VIvj90WZ4g==

esbuild-linux-mips64le@0.14.22:
  version "0.14.22"
  resolved "https://registry.yarnpkg.com/esbuild-linux-mips64le/-/esbuild-linux-mips64le-0.14.22.tgz#2c8dabac355c502e86c38f9f292b3517d8e181f3"
  integrity sha512-SiNDfuRXhGh1JQLLA9JPprBgPVFOsGuQ0yDfSPTNxztmVJd8W2mX++c4FfLpAwxuJe183mLuKf7qKCHQs5ZnBQ==

esbuild-linux-ppc64le@0.14.22:
  version "0.14.22"
  resolved "https://registry.yarnpkg.com/esbuild-linux-ppc64le/-/esbuild-linux-ppc64le-0.14.22.tgz#69d71b2820d5c94306072dac6094bae38e77d1c0"
  integrity sha512-6t/GI9I+3o1EFm2AyN9+TsjdgWCpg2nwniEhjm2qJWtJyJ5VzTXGUU3alCO3evopu8G0hN2Bu1Jhz2YmZD0kng==

esbuild-linux-riscv64@0.14.22:
  version "0.14.22"
  resolved "https://registry.yarnpkg.com/esbuild-linux-riscv64/-/esbuild-linux-riscv64-0.14.22.tgz#c0ec0fc3a23624deebf657781550d2329cec4213"
  integrity sha512-AyJHipZKe88sc+tp5layovquw5cvz45QXw5SaDgAq2M911wLHiCvDtf/07oDx8eweCyzYzG5Y39Ih568amMTCQ==

esbuild-linux-s390x@0.14.22:
  version "0.14.22"
  resolved "https://registry.yarnpkg.com/esbuild-linux-s390x/-/esbuild-linux-s390x-0.14.22.tgz#ec2af4572d63336cfb27f5a5c851fb1b6617dd91"
  integrity sha512-Sz1NjZewTIXSblQDZWEFZYjOK6p8tV6hrshYdXZ0NHTjWE+lwxpOpWeElUGtEmiPcMT71FiuA9ODplqzzSxkzw==

esbuild-netbsd-64@0.14.22:
  version "0.14.22"
  resolved "https://registry.yarnpkg.com/esbuild-netbsd-64/-/esbuild-netbsd-64-0.14.22.tgz#0e283278e9fdbaa7f0930f93ee113d7759cd865e"
  integrity sha512-TBbCtx+k32xydImsHxvFgsOCuFqCTGIxhzRNbgSL1Z2CKhzxwT92kQMhxort9N/fZM2CkRCPPs5wzQSamtzEHA==

esbuild-openbsd-64@0.14.22:
  version "0.14.22"
  resolved "https://registry.yarnpkg.com/esbuild-openbsd-64/-/esbuild-openbsd-64-0.14.22.tgz#2a73bba04e16d8ef278fbe2be85248e12a2f2cc2"
  integrity sha512-vK912As725haT313ANZZZN+0EysEEQXWC/+YE4rQvOQzLuxAQc2tjbzlAFREx3C8+uMuZj/q7E5gyVB7TzpcTA==

esbuild-sunos-64@0.14.22:
  version "0.14.22"
  resolved "https://registry.yarnpkg.com/esbuild-sunos-64/-/esbuild-sunos-64-0.14.22.tgz#8fe03513b8b2e682a6d79d5e3ca5849651a3c1d8"
  integrity sha512-/mbJdXTW7MTcsPhtfDsDyPEOju9EOABvCjeUU2OJ7fWpX/Em/H3WYDa86tzLUbcVg++BScQDzqV/7RYw5XNY0g==

esbuild-windows-32@0.14.22:
  version "0.14.22"
  resolved "https://registry.yarnpkg.com/esbuild-windows-32/-/esbuild-windows-32-0.14.22.tgz#a75df61e3e49df292a1842be8e877a3153ee644f"
  integrity sha512-1vRIkuvPTjeSVK3diVrnMLSbkuE36jxA+8zGLUOrT4bb7E/JZvDRhvtbWXWaveUc/7LbhaNFhHNvfPuSw2QOQg==

esbuild-windows-64@0.14.22:
  version "0.14.22"
  resolved "https://registry.yarnpkg.com/esbuild-windows-64/-/esbuild-windows-64-0.14.22.tgz#d06cf8bbe4945b8bf95a730d871e54a22f635941"
  integrity sha512-AxjIDcOmx17vr31C5hp20HIwz1MymtMjKqX4qL6whPj0dT9lwxPexmLj6G1CpR3vFhui6m75EnBEe4QL82SYqw==

esbuild-windows-arm64@0.14.22:
  version "0.14.22"
  resolved "https://registry.yarnpkg.com/esbuild-windows-arm64/-/esbuild-windows-arm64-0.14.22.tgz#f8b1b05c548073be8413a5ecb12d7c2f6e717227"
  integrity sha512-5wvQ+39tHmRhNpu2Fx04l7QfeK3mQ9tKzDqqGR8n/4WUxsFxnVLfDRBGirIfk4AfWlxk60kqirlODPoT5LqMUg==

esbuild@^0.14.14:
  version "0.14.22"
  resolved "https://registry.yarnpkg.com/esbuild/-/esbuild-0.14.22.tgz#2b55fde89d7aa5aaaad791816d58ff9dfc5ed085"
  integrity sha512-CjFCFGgYtbFOPrwZNJf7wsuzesx8kqwAffOlbYcFDLFuUtP8xloK1GH+Ai13Qr0RZQf9tE7LMTHJ2iVGJ1SKZA==
  optionalDependencies:
    esbuild-android-arm64 "0.14.22"
    esbuild-darwin-64 "0.14.22"
    esbuild-darwin-arm64 "0.14.22"
    esbuild-freebsd-64 "0.14.22"
    esbuild-freebsd-arm64 "0.14.22"
    esbuild-linux-32 "0.14.22"
    esbuild-linux-64 "0.14.22"
    esbuild-linux-arm "0.14.22"
    esbuild-linux-arm64 "0.14.22"
    esbuild-linux-mips64le "0.14.22"
    esbuild-linux-ppc64le "0.14.22"
    esbuild-linux-riscv64 "0.14.22"
    esbuild-linux-s390x "0.14.22"
    esbuild-netbsd-64 "0.14.22"
    esbuild-openbsd-64 "0.14.22"
    esbuild-sunos-64 "0.14.22"
    esbuild-windows-32 "0.14.22"
    esbuild-windows-64 "0.14.22"
    esbuild-windows-arm64 "0.14.22"

fill-range@^7.0.1:
  version "7.0.1"
  resolved "https://registry.yarnpkg.com/fill-range/-/fill-range-7.0.1.tgz#1919a6a7c75fe38b2c7c77e5198535da9acdda40"
  integrity sha512-qOo9F+dMUmC2Lcb4BbVvnKJxTPjCm+RRpe4gDuGrzkL7mEVl/djYSu2OdQ2Pa302N4oqkSg9ir6jaLWJ2USVpQ==
  dependencies:
    to-regex-range "^5.0.1"

fsevents@~2.3.2:
  version "2.3.2"
  resolved "https://registry.yarnpkg.com/fsevents/-/fsevents-2.3.2.tgz#8a526f78b8fdf4623b709e0b975c52c24c02fd1a"
  integrity sha512-xiqMQR4xAeHTuB9uWm+fFRcIOgKBMiOBP+eXiyT7jsgVCq1bkVygt00oASowB7EdtpOHaaPgKt812P9ab+DDKA==

function-bind@^1.1.1:
  version "1.1.1"
  resolved "https://registry.yarnpkg.com/function-bind/-/function-bind-1.1.1.tgz#a56899d3ea3c9bab874bb9773b7c5ede92f4895d"
  integrity sha512-yIovAzMX49sF8Yl58fSCWJ5svSLuaibPxXQJFLmBObTuCr0Mf1KiPopGM9NiFjiYBCbfaa2Fh6breQ6ANVTI0A==

glob-parent@~5.1.2:
  version "5.1.2"
  resolved "https://registry.yarnpkg.com/glob-parent/-/glob-parent-5.1.2.tgz#869832c58034fe68a4093c17dc15e8340d8401c4"
  integrity sha512-AOIgSQCepiJYwP3ARnGx+5VnTu2HBYdzbGP45eLw1vr3zB3vZLeyed1sC9hnbcOc9/SrMyM5RPQrkGz4aS9Zow==
  dependencies:
    is-glob "^4.0.1"

has@^1.0.3:
  version "1.0.3"
  resolved "https://registry.yarnpkg.com/has/-/has-1.0.3.tgz#722d7cbfc1f6aa8241f16dd814e011e1f41e8796"
  integrity sha512-f2dvO0VU6Oej7RkWJGrehjbzMAjFp5/VKPp5tTpWIV4JHHZK1/BxbFRtf/siA2SWTe09caDmVtYYzWEIbBS4zw==
  dependencies:
    function-bind "^1.1.1"

immutable@^4.0.0:
  version "4.0.0"
  resolved "https://registry.yarnpkg.com/immutable/-/immutable-4.0.0.tgz#b86f78de6adef3608395efb269a91462797e2c23"
  integrity sha512-zIE9hX70qew5qTUjSS7wi1iwj/l7+m54KWU247nhM3v806UdGj1yDndXj+IOYxxtW9zyLI+xqFNZjTuDaLUqFw==

is-binary-path@~2.1.0:
  version "2.1.0"
  resolved "https://registry.yarnpkg.com/is-binary-path/-/is-binary-path-2.1.0.tgz#ea1f7f3b80f064236e83470f86c09c254fb45b09"
  integrity sha512-ZMERYes6pDydyuGidse7OsHxtbI7WVeUEozgR/g7rd0xUimYNlvZRE/K2MgZTjWy725IfelLeVcEM97mmtRGXw==
  dependencies:
    binary-extensions "^2.0.0"

is-core-module@^2.8.1:
  version "2.8.1"
  resolved "https://registry.yarnpkg.com/is-core-module/-/is-core-module-2.8.1.tgz#f59fdfca701d5879d0a6b100a40aa1560ce27211"
  integrity sha512-SdNCUs284hr40hFTFP6l0IfZ/RSrMXF3qgoRHd3/79unUTvrFO/JoXwkGm+5J/Oe3E/b5GsnG330uUNgRpu1PA==
  dependencies:
    has "^1.0.3"

is-extglob@^2.1.1:
  version "2.1.1"
  resolved "https://registry.yarnpkg.com/is-extglob/-/is-extglob-2.1.1.tgz#a88c02535791f02ed37c76a1b9ea9773c833f8c2"
  integrity sha1-qIwCU1eR8C7TfHahueqXc8gz+MI=

is-glob@^4.0.1, is-glob@~4.0.1:
  version "4.0.3"
  resolved "https://registry.yarnpkg.com/is-glob/-/is-glob-4.0.3.tgz#64f61e42cbbb2eec2071a9dac0b28ba1e65d5084"
  integrity sha512-xelSayHH36ZgE7ZWhli7pW34hNbNl8Ojv5KVmkJD4hBdD3th8Tfk9vYasLM+mXWOZhFkgZfxhLSnrwRr4elSSg==
  dependencies:
    is-extglob "^2.1.1"

is-number@^7.0.0:
  version "7.0.0"
  resolved "https://registry.yarnpkg.com/is-number/-/is-number-7.0.0.tgz#7535345b896734d5f80c4d06c50955527a14f12b"
  integrity sha512-41Cifkg6e8TylSpdtTpeLVMqvSBEVzTttHvERD741+pnZ8ANv0004MRL43QKPDlK9cGvNp6NZWZUBlbGXYxxng==

nanoid@^3.2.0:
  version "3.3.1"
  resolved "https://registry.yarnpkg.com/nanoid/-/nanoid-3.3.1.tgz#6347a18cac88af88f58af0b3594b723d5e99bb35"
  integrity sha512-n6Vs/3KGyxPQd6uO0eH4Bv0ojGSUvuLlIHtC3Y0kEO23YRge8H9x1GCzLn28YX0H66pMkxuaeESFq4tKISKwdw==

normalize-path@^3.0.0, normalize-path@~3.0.0:
  version "3.0.0"
  resolved "https://registry.yarnpkg.com/normalize-path/-/normalize-path-3.0.0.tgz#0dcd69ff23a1c9b11fd0978316644a0388216a65"
  integrity sha512-6eZs5Ls3WtCisHWp9S2GUy8dqkpGi4BVSz3GaqiE6ezub0512ESztXUwUB6C6IKbQkY2Pnb/mD4WYojCRwcwLA==

path-parse@^1.0.7:
  version "1.0.7"
  resolved "https://registry.yarnpkg.com/path-parse/-/path-parse-1.0.7.tgz#fbc114b60ca42b30d9daf5858e4bd68bbedb6735"
  integrity sha512-LDJzPVEEEPR+y48z93A0Ed0yXb8pAByGWo/k5YYdYgpY2/2EsOsksJrq7lOHxryrVOn1ejG6oAp8ahvOIQD8sw==

picocolors@^1.0.0:
  version "1.0.0"
  resolved "https://registry.yarnpkg.com/picocolors/-/picocolors-1.0.0.tgz#cb5bdc74ff3f51892236eaf79d68bc44564ab81c"
  integrity sha512-1fygroTLlHu66zi26VoTDv8yRgm0Fccecssto+MhsZ0D/DGW2sm8E8AjW7NU5VVTRt5GxbeZ5qBuJr+HyLYkjQ==

picomatch@^2.0.4, picomatch@^2.2.1:
  version "2.3.1"
  resolved "https://registry.yarnpkg.com/picomatch/-/picomatch-2.3.1.tgz#3ba3833733646d9d3e4995946c1365a67fb07a42"
  integrity sha512-JU3teHTNjmE2VCGFzuY8EXzCDVwEqB2a8fsIvwaStHhAWJEeVd1o1QD80CU6+ZdEXXSLbSsuLwJjkCBWqRQUVA==

postcss@^8.4.6:
  version "8.4.6"
  resolved "https://registry.yarnpkg.com/postcss/-/postcss-8.4.6.tgz#c5ff3c3c457a23864f32cb45ac9b741498a09ae1"
  integrity sha512-OovjwIzs9Te46vlEx7+uXB0PLijpwjXGKXjVGGPIGubGpq7uh5Xgf6D6FiJ/SzJMBosHDp6a2hiXOS97iBXcaA==
  dependencies:
    nanoid "^3.2.0"
    picocolors "^1.0.0"
    source-map-js "^1.0.2"

readdirp@~3.6.0:
  version "3.6.0"
  resolved "https://registry.yarnpkg.com/readdirp/-/readdirp-3.6.0.tgz#74a370bd857116e245b29cc97340cd431a02a6c7"
  integrity sha512-hOS089on8RduqdbhvQ5Z37A0ESjsqz6qnRcffsMU3495FuTdqSm+7bhJ29JvIOsBDEEnan5DPu9t3To9VRlMzA==
  dependencies:
    picomatch "^2.2.1"

resolve@^1.22.0:
  version "1.22.0"
  resolved "https://registry.yarnpkg.com/resolve/-/resolve-1.22.0.tgz#5e0b8c67c15df57a89bdbabe603a002f21731198"
  integrity sha512-Hhtrw0nLeSrFQ7phPp4OOcVjLPIeMnRlr5mcnVuMe7M/7eBn98A3hmFRLoFo3DLZkivSYwhRUJTyPyWAk56WLw==
  dependencies:
    is-core-module "^2.8.1"
    path-parse "^1.0.7"
    supports-preserve-symlinks-flag "^1.0.0"

rollup@^2.59.0:
  version "2.67.3"
  resolved "https://registry.yarnpkg.com/rollup/-/rollup-2.67.3.tgz#3f04391fc296f807d067c9081d173e0a33dbd37e"
  integrity sha512-G/x1vUwbGtP6O5ZM8/sWr8+p7YfZhI18pPqMRtMYMWSbHjKZ/ajHGiM+GWNTlWyOR0EHIdT8LHU+Z4ciIZ1oBw==
  optionalDependencies:
    fsevents "~2.3.2"

sass@^1.49.8:
  version "1.49.8"
  resolved "https://registry.yarnpkg.com/sass/-/sass-1.49.8.tgz#9bbbc5d43d14862db07f1c04b786c9da9b641828"
  integrity sha512-NoGOjvDDOU9og9oAxhRnap71QaTjjlzrvLnKecUJ3GxhaQBrV6e7gPuSPF28u1OcVAArVojPAe4ZhOXwwC4tGw==
  dependencies:
    chokidar ">=3.0.0 <4.0.0"
    immutable "^4.0.0"
    source-map-js ">=0.6.2 <2.0.0"

"source-map-js@>=0.6.2 <2.0.0", source-map-js@^1.0.2:
  version "1.0.2"
  resolved "https://registry.yarnpkg.com/source-map-js/-/source-map-js-1.0.2.tgz#adbc361d9c62df380125e7f161f71c826f1e490c"
  integrity sha512-R0XvVJ9WusLiqTCEiGCmICCMplcCkIwwR11mOSD9CR5u+IXYdiseeEuXCVAjS54zqwkLcPNnmU4OeJ6tUrWhDw==

supports-preserve-symlinks-flag@^1.0.0:
  version "1.0.0"
  resolved "https://registry.yarnpkg.com/supports-preserve-symlinks-flag/-/supports-preserve-symlinks-flag-1.0.0.tgz#6eda4bd344a3c94aea376d4cc31bc77311039e09"
  integrity sha512-ot0WnXS9fgdkgIcePe6RHNk1WA8+muPa6cSjeR3V8K27q9BB1rTE3R1p7Hv0z1ZyAc8s6Vvv8DIyWf681MAt0w==

to-regex-range@^5.0.1:
  version "5.0.1"
  resolved "https://registry.yarnpkg.com/to-regex-range/-/to-regex-range-5.0.1.tgz#1648c44aae7c8d988a326018ed72f5b4dd0392e4"
  integrity sha512-65P7iz6X5yEr1cwcgvQxbbIw7Uk3gOy5dIdtZ4rDveLqhrdJP+Li/Hx6tyK0NEb+2GCyneCMJiGqrADCSNk8sQ==
  dependencies:
    is-number "^7.0.0"

vite@^2.8.4:
  version "2.8.4"
  resolved "https://registry.yarnpkg.com/vite/-/vite-2.8.4.tgz#4e52a534289b7b4e94e646df2fc5556ceaa7336b"
  integrity sha512-GwtOkkaT2LDI82uWZKcrpRQxP5tymLnC7hVHHqNkhFNknYr0hJUlDLfhVRgngJvAy3RwypkDCWtTKn1BjO96Dw==
  dependencies:
    esbuild "^0.14.14"
    postcss "^8.4.6"
    resolve "^1.22.0"
    rollup "^2.59.0"
  optionalDependencies:
    fsevents "~2.3.2"
